
Microsoft Visual Studio Solution File, Format Version 12.00
# Visual Studio 15
VisualStudioVersion = 15.0.27428.2037
MinimumVisualStudioVersion = 10.0.40219.1
Project("{FAE04EC0-301F-11D3-BF4B-00C04F79EFBC}") = "Magicnote", "Magicnote\Magicnote.csproj", "{103D5DBB-A152-4927-AB46-9909C8D2EB93}"
EndProject
Project("{FAE04EC0-301F-11D3-BF4B-00C04F79EFBC}") = "View", "View\View.csproj", "{334D1E30-1C02-4B0C-BA31-7A97DE186F90}"
EndProject
Project("{FAE04EC0-301F-11D3-BF4B-00C04F79EFBC}") = "MainViewModel", "MainViewModel\MainViewModel.csproj", "{2E931CCC-FF4F-4E83-93F3-7C6111BA0E74}"
EndProject
Global
	GlobalSection(SolutionConfigurationPlatforms) = preSolution
		Debug|Any CPU = Debug|Any CPU
		Release|Any CPU = Release|Any CPU
	EndGlobalSection
	GlobalSection(ProjectConfigurationPlatforms) = postSolution
		{103D5DBB-A152-4927-AB46-9909C8D2EB93}.Debug|Any CPU.ActiveCfg = Debug|Any CPU
		{103D5DBB-A152-4927-AB46-9909C8D2EB93}.Debug|Any CPU.Build.0 = Debug|Any CPU
		{103D5DBB-A152-4927-AB46-9909C8D2EB93}.Release|Any CPU.ActiveCfg = Release|Any CPU
		{103D5DBB-A152-4927-AB46-9909C8D2EB93}.Release|Any CPU.Build.0 = Release|Any CPU
		{334D1E30-1C02-4B0C-BA31-7A97DE186F90}.Debug|Any CPU.ActiveCfg = Debug|Any CPU
		{334D1E30-1C02-4B0C-BA31-7A97DE186F90}.Debug|Any CPU.Build.0 = Debug|Any CPU
		{334D1E30-1C02-4B0C-BA31-7A97DE186F90}.Release|Any CPU.ActiveCfg = Release|Any CPU
		{334D1E30-1C02-4B0C-BA31-7A97DE186F90}.Release|Any CPU.Build.0 = Release|Any CPU
		{2E931CCC-FF4F-4E83-93F3-7C6111BA0E74}.Debug|Any CPU.ActiveCfg = Debug|Any CPU
		{2E931CCC-FF4F-4E83-93F3-7C6111BA0E74}.Debug|Any CPU.Build.0 = Debug|Any CPU
		{2E931CCC-FF4F-4E83-93F3-7C6111BA0E74}.Release|Any CPU.ActiveCfg = Release|Any CPU
		{2E931CCC-FF4F-4E83-93F3-7C6111BA0E74}.Release|Any CPU.Build.0 = Release|Any CPU
	EndGlobalSection
	GlobalSection(SolutionProperties) = preSolution
		HideSolutionNode = FALSE
	EndGlobalSection
	GlobalSection(ExtensibilityGlobals) = postSolution
		SolutionGuid = {B81A745E-C6DB-4676-973D-89FF629EF0D9}
	EndGlobalSection
EndGlobal
